
Microsoft Visual Studio Solution File, Format Version 12.00
# Visual Studio Version 16
VisualStudioVersion = 16.0.32413.511
MinimumVisualStudioVersion = 10.0.40219.1
Project("{FAE04EC0-301F-11D3-BF4B-00C04F79EFBC}") = "aula 3", "aula 3\aula 3.csproj", "{8FC46193-2E07-4B76-BB0D-1E57AB89767A}"
EndProject
Global
	GlobalSection(SolutionConfigurationPlatforms) = preSolution
		Debug|Any CPU = Debug|Any CPU
		Release|Any CPU = Release|Any CPU
	EndGlobalSection
	GlobalSection(ProjectConfigurationPlatforms) = postSolution
		{8FC46193-2E07-4B76-BB0D-1E57AB89767A}.Debug|Any CPU.ActiveCfg = Debug|Any CPU
		{8FC46193-2E07-4B76-BB0D-1E57AB89767A}.Debug|Any CPU.Build.0 = Debug|Any CPU
		{8FC46193-2E07-4B76-BB0D-1E57AB89767A}.Release|Any CPU.ActiveCfg = Release|Any CPU
		{8FC46193-2E07-4B76-BB0D-1E57AB89767A}.Release|Any CPU.Build.0 = Release|Any CPU
	EndGlobalSection
	GlobalSection(SolutionProperties) = preSolution
		HideSolutionNode = FALSE
	EndGlobalSection
	GlobalSection(ExtensibilityGlobals) = postSolution
		SolutionGuid = {67BD0CE0-8746-4D32-901E-0B933797033F}
	EndGlobalSection
EndGlobal
